{
  "name": "homework",
  "version": "1.0.0",
  "lockfileVersion": 2,
  "requires": true,
  "packages": {
    "": {
      "version": "1.0.0",
      "license": "ISC",
      "dependencies": {
        "@hexlet/immutable-fs-trees": "^0.5.1",
        "lodash": "^4.17.21"
      }
    },
    "node_modules/@hexlet/immutable-fs-trees": {
      "version": "0.5.2",
      "resolved": "https://registry.npmjs.org/@hexlet/immutable-fs-trees/-/immutable-fs-trees-0.5.2.tgz",
      "integrity": "sha512-W+qvNm97NHEg0oUBX/E/TejbYKSldsu4ahavvZhDX5GVsWgExqI3d5kraYB5jDLlx4Ux+qSie5KCSd/14qJHjw=="
    },
    "node_modules/lodash": {
      "version": "4.17.21",
      "resolved": "https://registry.npmjs.org/lodash/-/lodash-4.17.21.tgz",
      "integrity": "sha512-v2kDEe57lecTulaDIuNTPy3Ry4gLGJ6Z1O3vE1krgXZNrsQ+LFTGHVxVjcXPs17LhbZVGedAJv8XZ1tvj5FvSg=="
    }
  },
  "dependencies": {
    "@hexlet/immutable-fs-trees": {
      "version": "0.5.2",
      "resolved": "https://registry.npmjs.org/@hexlet/immutable-fs-trees/-/immutable-fs-trees-0.5.2.tgz",
      "integrity": "sha512-W+qvNm97NHEg0oUBX/E/TejbYKSldsu4ahavvZhDX5GVsWgExqI3d5kraYB5jDLlx4Ux+qSie5KCSd/14qJHjw=="
    },
    "lodash": {
      "version": "4.17.21",
      "resolved": "https://registry.npmjs.org/lodash/-/lodash-4.17.21.tgz",
      "integrity": "sha512-v2kDEe57lecTulaDIuNTPy3Ry4gLGJ6Z1O3vE1krgXZNrsQ+LFTGHVxVjcXPs17LhbZVGedAJv8XZ1tvj5FvSg=="
    }
  }
}
