{
  "name": "homework",
  "version": "1.0.0",
  "lockfileVersion": 2,
  "requires": true,
  "packages": {
    "": {
      "version": "1.0.0",
      "license": "ISC",
      "dependencies": {
        "@hexlet/immutable-fs-trees": "^0.5.1"
      }
    },
    "node_modules/@hexlet/immutable-fs-trees": {
      "version": "0.5.2",
      "resolved": "https://registry.npmjs.org/@hexlet/immutable-fs-trees/-/immutable-fs-trees-0.5.2.tgz",
      "integrity": "sha512-W+qvNm97NHEg0oUBX/E/TejbYKSldsu4ahavvZhDX5GVsWgExqI3d5kraYB5jDLlx4Ux+qSie5KCSd/14qJHjw=="
    }
  },
  "dependencies": {
    "@hexlet/immutable-fs-trees": {
      "version": "0.5.2",
      "resolved": "https://registry.npmjs.org/@hexlet/immutable-fs-trees/-/immutable-fs-trees-0.5.2.tgz",
      "integrity": "sha512-W+qvNm97NHEg0oUBX/E/TejbYKSldsu4ahavvZhDX5GVsWgExqI3d5kraYB5jDLlx4Ux+qSie5KCSd/14qJHjw=="
    }
  }
}
